
Microsoft Visual Studio Solution File, Format Version 12.00
# Visual Studio Version 16
VisualStudioVersion = 16.0.35229.62
MinimumVisualStudioVersion = 10.0.40219.1
Project("{FAE04EC0-301F-11D3-BF4B-00C04F79EFBC}") = "UserMonitoringAndHistory", "UserMonitoringAndHistory\UserMonitoringAndHistory.csproj", "{1AC33D30-77F5-49F1-8051-C5520C5DCFAC}"
EndProject
Global
	GlobalSection(SolutionConfigurationPlatforms) = preSolution
		Debug|Any CPU = Debug|Any CPU
		Release|Any CPU = Release|Any CPU
	EndGlobalSection
	GlobalSection(ProjectConfigurationPlatforms) = postSolution
		{1AC33D30-77F5-49F1-8051-C5520C5DCFAC}.Debug|Any CPU.ActiveCfg = Debug|Any CPU
		{1AC33D30-77F5-49F1-8051-C5520C5DCFAC}.Debug|Any CPU.Build.0 = Debug|Any CPU
		{1AC33D30-77F5-49F1-8051-C5520C5DCFAC}.Release|Any CPU.ActiveCfg = Release|Any CPU
		{1AC33D30-77F5-49F1-8051-C5520C5DCFAC}.Release|Any CPU.Build.0 = Release|Any CPU
	EndGlobalSection
	GlobalSection(SolutionProperties) = preSolution
		HideSolutionNode = FALSE
	EndGlobalSection
	GlobalSection(ExtensibilityGlobals) = postSolution
		SolutionGuid = {3AB21DB8-9BDE-42E0-9782-31607B98073D}
	EndGlobalSection
EndGlobal
